// !$*UTF8*$!
{
	archiveVersion = 1;
	classes = {
	};
	objectVersion = 46;
	objects = {

/* Begin PBXBuildFile section */
		5FB5C76C1B4B517F008E0F43 /* AppDelegate.swift in Sources */ = {isa = PBXBuildFile; fileRef = 5FB5C76B1B4B517F008E0F43 /* AppDelegate.swift */; };
		5FB5C7711B4B517F008E0F43 /* Main.storyboard in Resources */ = {isa = PBXBuildFile; fileRef = 5FB5C76F1B4B517F008E0F43 /* Main.storyboard */; };
		5FB5C7731B4B517F008E0F43 /* Images.xcassets in Resources */ = {isa = PBXBuildFile; fileRef = 5FB5C7721B4B517F008E0F43 /* Images.xcassets */; };
		5FB5C7761B4B517F008E0F43 /* LaunchScreen.xib in Resources */ = {isa = PBXBuildFile; fileRef = 5FB5C7741B4B517F008E0F43 /* LaunchScreen.xib */; };
		5FB5C7821B4B5180008E0F43 /* HappinessTests.swift in Sources */ = {isa = PBXBuildFile; fileRef = 5FB5C7811B4B517F008E0F43 /* HappinessTests.swift */; };
		5FB5C7921B4BB29F008E0F43 /* HappinessViewController.swift in Sources */ = {isa = PBXBuildFile; fileRef = 5FB5C7911B4BB29F008E0F43 /* HappinessViewController.swift */; };
		5FB5C7941B4BB470008E0F43 /* FaceView.swift in Sources */ = {isa = PBXBuildFile; fileRef = 5FB5C7931B4BB470008E0F43 /* FaceView.swift */; };
/* End PBXBuildFile section */

/* Begin PBXContainerItemProxy section */
		5FB5C77C1B4B517F008E0F43 /* PBXContainerItemProxy */ = {
			isa = PBXContainerItemProxy;
			containerPortal = 5FB5C75E1B4B517F008E0F43 /* Project object */;
			proxyType = 1;
			remoteGlobalIDString = 5FB5C7651B4B517F008E0F43;
			remoteInfo = Happiness;
		};
/* End PBXContainerItemProxy section */

/* Begin PBXFileReference section */
		5FB5C7661B4B517F008E0F43 /* Happiness.app */ = {isa = PBXFileReference; explicitFileType = wrapper.application; includeInIndex = 0; path = Happiness.app; sourceTree = BUILT_PRODUCTS_DIR; };
		5FB5C76A1B4B517F008E0F43 /* Info.plist */ = {isa = PBXFileReference; lastKnownFileType = text.plist.xml; path = Info.plist; sourceTree = "<group>"; };
		5FB5C76B1B4B517F008E0F43 /* AppDelegate.swift */ = {isa = PBXFileReference; lastKnownFileType = sourcecode.swift; path = AppDelegate.swift; sourceTree = "<group>"; };
		5FB5C7701B4B517F008E0F43 /* Base */ = {isa = PBXFileReference; lastKnownFileType = file.storyboard; name = Base; path = Base.lproj/Main.storyboard; sourceTree = "<group>"; };
		5FB5C7721B4B517F008E0F43 /* Images.xcassets */ = {isa = PBXFileReference; lastKnownFileType = folder.assetcatalog; path = Images.xcassets; sourceTree = "<group>"; };
		5FB5C7751B4B517F008E0F43 /* Base */ = {isa = PBXFileReference; lastKnownFileType = file.xib; name = Base; path = Base.lproj/LaunchScreen.xib; sourceTree = "<group>"; };
		5FB5C77B1B4B517F008E0F43 /* HappinessTests.xctest */ = {isa = PBXFileReference; explicitFileType = wrapper.cfbundle; includeInIndex = 0; path = HappinessTests.xctest; sourceTree = BUILT_PRODUCTS_DIR; };
		5FB5C7801B4B517F008E0F43 /* Info.plist */ = {isa = PBXFileReference; lastKnownFileType = text.plist.xml; path = Info.plist; sourceTree = "<group>"; };
		5FB5C7811B4B517F008E0F43 /* HappinessTests.swift */ = {isa = PBXFileReference; lastKnownFileType = sourcecode.swift; path = HappinessTests.swift; sourceTree = "<group>"; };
		5FB5C7911B4BB29F008E0F43 /* HappinessViewController.swift */ = {isa = PBXFileReference; fileEncoding = 4; lastKnownFileType = sourcecode.swift; path = HappinessViewController.swift; sourceTree = "<group>"; };
		5FB5C7931B4BB470008E0F43 /* FaceView.swift */ = {isa = PBXFileReference; fileEncoding = 4; lastKnownFileType = sourcecode.swift; path = FaceView.swift; sourceTree = "<group>"; };
/* End PBXFileReference section */

/* Begin PBXFrameworksBuildPhase section */
		5FB5C7631B4B517F008E0F43 /* Frameworks */ = {
			isa = PBXFrameworksBuildPhase;
			buildActionMask = 2147483647;
			files = (
			);
			runOnlyForDeploymentPostprocessing = 0;
		};
		5FB5C7781B4B517F008E0F43 /* Frameworks */ = {
			isa = PBXFrameworksBuildPhase;
			buildActionMask = 2147483647;
			files = (
			);
			runOnlyForDeploymentPostprocessing = 0;
		};
/* End PBXFrameworksBuildPhase section */

/* Begin PBXGroup section */
		5FB5C75D1B4B517F008E0F43 = {
			isa = PBXGroup;
			children = (
				5FB5C7681B4B517F008E0F43 /* Happiness */,
				5FB5C77E1B4B517F008E0F43 /* HappinessTests */,
				5FB5C7671B4B517F008E0F43 /* Products */,
			);
			sourceTree = "<group>";
		};
		5FB5C7671B4B517F008E0F43 /* Products */ = {
			isa = PBXGroup;
			children = (
				5FB5C7661B4B517F008E0F43 /* Happiness.app */,
				5FB5C77B1B4B517F008E0F43 /* HappinessTests.xctest */,
			);
			name = Products;
			sourceTree = "<group>";
		};
		5FB5C7681B4B517F008E0F43 /* Happiness */ = {
			isa = PBXGroup;
			children = (
				5FB5C76F1B4B517F008E0F43 /* Main.storyboard */,
				5FB5C7931B4BB470008E0F43 /* FaceView.swift */,
				5FB5C7911B4BB29F008E0F43 /* HappinessViewController.swift */,
				5FB5C7691B4B517F008E0F43 /* Supporting Files */,
			);
			path = Happiness;
			sourceTree = "<group>";
		};
		5FB5C7691B4B517F008E0F43 /* Supporting Files */ = {
			isa = PBXGroup;
			children = (
				5FB5C76B1B4B517F008E0F43 /* AppDelegate.swift */,
				5FB5C7721B4B517F008E0F43 /* Images.xcassets */,
				5FB5C7741B4B517F008E0F43 /* LaunchScreen.xib */,
				5FB5C76A1B4B517F008E0F43 /* Info.plist */,
			);
			name = "Supporting Files";
			sourceTree = "<group>";
		};
		5FB5C77E1B4B517F008E0F43 /* HappinessTests */ = {
			isa = PBXGroup;
			children = (
				5FB5C7811B4B517F008E0F43 /* HappinessTests.swift */,
				5FB5C77F1B4B517F008E0F43 /* Supporting Files */,
			);
			path = HappinessTests;
			sourceTree = "<group>";
		};
		5FB5C77F1B4B517F008E0F43 /* Supporting Files */ = {
			isa = PBXGroup;
			children = (
				5FB5C7801B4B517F008E0F43 /* Info.plist */,
			);
			name = "Supporting Files";
			sourceTree = "<group>";
		};
/* End PBXGroup section */

/* Begin PBXNativeTarget section */
		5FB5C7651B4B517F008E0F43 /* Happiness */ = {
			isa = PBXNativeTarget;
			buildConfigurationList = 5FB5C7851B4B5180008E0F43 /* Build configuration list for PBXNativeTarget "Happiness" */;
			buildPhases = (
				5FB5C7621B4B517F008E0F43 /* Sources */,
				5FB5C7631B4B517F008E0F43 /* Frameworks */,
				5FB5C7641B4B517F008E0F43 /* Resources */,
			);
			buildRules = (
			);
			dependencies = (
			);
			name = Happiness;
			productName = Happiness;
			productReference = 5FB5C7661B4B517F008E0F43 /* Happiness.app */;
			productType = "com.apple.product-type.application";
		};
		5FB5C77A1B4B517F008E0F43 /* HappinessTests */ = {
			isa = PBXNativeTarget;
			buildConfigurationList = 5FB5C7881B4B5180008E0F43 /* Build configuration list for PBXNativeTarget "HappinessTests" */;
			buildPhases = (
				5FB5C7771B4B517F008E0F43 /* Sources */,
				5FB5C7781B4B517F008E0F43 /* Frameworks */,
				5FB5C7791B4B517F008E0F43 /* Resources */,
			);
			buildRules = (
			);
			dependencies = (
				5FB5C77D1B4B517F008E0F43 /* PBXTargetDependency */,
			);
			name = HappinessTests;
			productName = HappinessTests;
			productReference = 5FB5C77B1B4B517F008E0F43 /* HappinessTests.xctest */;
			productType = "com.apple.product-type.bundle.unit-test";
		};
/* End PBXNativeTarget section */

/* Begin PBXProject section */
		5FB5C75E1B4B517F008E0F43 /* Project object */ = {
			isa = PBXProject;
			attributes = {
				LastUpgradeCheck = 0620;
				ORGANIZATIONNAME = AmenophisIII;
				TargetAttributes = {
					5FB5C7651B4B517F008E0F43 = {
						CreatedOnToolsVersion = 6.2;
					};
					5FB5C77A1B4B517F008E0F43 = {
						CreatedOnToolsVersion = 6.2;
						TestTargetID = 5FB5C7651B4B517F008E0F43;
					};
				};
			};
			buildConfigurationList = 5FB5C7611B4B517F008E0F43 /* Build configuration list for PBXProject "Happiness" */;
			compatibilityVersion = "Xcode 3.2";
			developmentRegion = English;
			hasScannedForEncodings = 0;
			knownRegions = (
				en,
				Base,
			);
			mainGroup = 5FB5C75D1B4B517F008E0F43;
			productRefGroup = 5FB5C7671B4B517F008E0F43 /* Products */;
			projectDirPath = "";
			projectRoot = "";
			targets = (
				5FB5C7651B4B517F008E0F43 /* Happiness */,
				5FB5C77A1B4B517F008E0F43 /* HappinessTests */,
			);
		};
/* End PBXProject section */

/* Begin PBXResourcesBuildPhase section */
		5FB5C7641B4B517F008E0F43 /* Resources */ = {
			isa = PBXResourcesBuildPhase;
			buildActionMask = 2147483647;
			files = (
				5FB5C7711B4B517F008E0F43 /* Main.storyboard in Resources */,
				5FB5C7761B4B517F008E0F43 /* LaunchScreen.xib in Resources */,
				5FB5C7731B4B517F008E0F43 /* Images.xcassets in Resources */,
			);
			runOnlyForDeploymentPostprocessing = 0;
		};
		5FB5C7791B4B517F008E0F43 /* Resources */ = {
			isa = PBXResourcesBuildPhase;
			buildActionMask = 2147483647;
			files = (
			);
			runOnlyForDeploymentPostprocessing = 0;
		};
/* End PBXResourcesBuildPhase section */

/* Begin PBXSourcesBuildPhase section */
		5FB5C7621B4B517F008E0F43 /* Sources */ = {
			isa = PBXSourcesBuildPhase;
			buildActionMask = 2147483647;
			files = (
				5FB5C7921B4BB29F008E0F43 /* HappinessViewController.swift in Sources */,
				5FB5C76C1B4B517F008E0F43 /* AppDelegate.swift in Sources */,
				5FB5C7941B4BB470008E0F43 /* FaceView.swift in Sources */,
			);
			runOnlyForDeploymentPostprocessing = 0;
		};
		5FB5C7771B4B517F008E0F43 /* Sources */ = {
			isa = PBXSourcesBuildPhase;
			buildActionMask = 2147483647;
			files = (
				5FB5C7821B4B5180008E0F43 /* HappinessTests.swift in Sources */,
			);
			runOnlyForDeploymentPostprocessing = 0;
		};
/* End PBXSourcesBuildPhase section */

/* Begin PBXTargetDependency section */
		5FB5C77D1B4B517F008E0F43 /* PBXTargetDependency */ = {
			isa = PBXTargetDependency;
			target = 5FB5C7651B4B517F008E0F43 /* Happiness */;
			targetProxy = 5FB5C77C1B4B517F008E0F43 /* PBXContainerItemProxy */;
		};
/* End PBXTargetDependency section */

/* Begin PBXVariantGroup section */
		5FB5C76F1B4B517F008E0F43 /* Main.storyboard */ = {
			isa = PBXVariantGroup;
			children = (
				5FB5C7701B4B517F008E0F43 /* Base */,
			);
			name = Main.storyboard;
			sourceTree = "<group>";
		};
		5FB5C7741B4B517F008E0F43 /* LaunchScreen.xib */ = {
			isa = PBXVariantGroup;
			children = (
				5FB5C7751B4B517F008E0F43 /* Base */,
			);
			name = LaunchScreen.xib;
			sourceTree = "<group>";
		};
/* End PBXVariantGroup section */

/* Begin XCBuildConfiguration section */
		5FB5C7831B4B5180008E0F43 /* Debug */ = {
			isa = XCBuildConfiguration;
			buildSettings = {
				ALWAYS_SEARCH_USER_PATHS = NO;
				CLANG_CXX_LANGUAGE_STANDARD = "gnu++0x";
				CLANG_CXX_LIBRARY = "libc++";
				CLANG_ENABLE_MODULES = YES;
				CLANG_ENABLE_OBJC_ARC = YES;
				CLANG_WARN_BOOL_CONVERSION = YES;
				CLANG_WARN_CONSTANT_CONVERSION = YES;
				CLANG_WARN_DIRECT_OBJC_ISA_USAGE = YES_ERROR;
				CLANG_WARN_EMPTY_BODY = YES;
				CLANG_WARN_ENUM_CONVERSION = YES;
				CLANG_WARN_INT_CONVERSION = YES;
				CLANG_WARN_OBJC_ROOT_CLASS = YES_ERROR;
				CLANG_WARN_UNREACHABLE_CODE = YES;
				CLANG_WARN__DUPLICATE_METHOD_MATCH = YES;
				"CODE_SIGN_IDENTITY[sdk=iphoneos*]" = "iPhone Developer";
				COPY_PHASE_STRIP = NO;
				ENABLE_STRICT_OBJC_MSGSEND = YES;
				GCC_C_LANGUAGE_STANDARD = gnu99;
				GCC_DYNAMIC_NO_PIC = NO;
				GCC_OPTIMIZATION_LEVEL = 0;
				GCC_PREPROCESSOR_DEFINITIONS = (
					"DEBUG=1",
					"$(inherited)",
				);
				GCC_SYMBOLS_PRIVATE_EXTERN = NO;
				GCC_WARN_64_TO_32_BIT_CONVERSION = YES;
				GCC_WARN_ABOUT_RETURN_TYPE = YES_ERROR;
				GCC_WARN_UNDECLARED_SELECTOR = YES;
				GCC_WARN_UNINITIALIZED_AUTOS = YES_AGGRESSIVE;
				GCC_WARN_UNUSED_FUNCTION = YES;
				GCC_WARN_UNUSED_VARIABLE = YES;
				IPHONEOS_DEPLOYMENT_TARGET = 8.2;
				MTL_ENABLE_DEBUG_INFO = YES;
				ONLY_ACTIVE_ARCH = YES;
				SDKROOT = iphoneos;
				SWIFT_OPTIMIZATION_LEVEL = "-Onone";
				TARGETED_DEVICE_FAMILY = "1,2";
			};
			name = Debug;
		};
		5FB5C7841B4B5180008E0F43 /* Release */ = {
			isa = XCBuildConfiguration;
			buildSettings = {
				ALWAYS_SEARCH_USER_PATHS = NO;
				CLANG_CXX_LANGUAGE_STANDARD = "gnu++0x";
				CLANG_CXX_LIBRARY = "libc++";
				CLANG_ENABLE_MODULES = YES;
				CLANG_ENABLE_OBJC_ARC = YES;
				CLANG_WARN_BOOL_CONVERSION = YES;
				CLANG_WARN_CONSTANT_CONVERSION = YES;
				CLANG_WARN_DIRECT_OBJC_ISA_USAGE = YES_ERROR;
				CLANG_WARN_EMPTY_BODY = YES;
				CLANG_WARN_ENUM_CONVERSION = YES;
				CLANG_WARN_INT_CONVERSION = YES;
				CLANG_WARN_OBJC_ROOT_CLASS = YES_ERROR;
				CLANG_WARN_UNREACHABLE_CODE = YES;
				CLANG_WARN__DUPLICATE_METHOD_MATCH = YES;
				"CODE_SIGN_IDENTITY[sdk=iphoneos*]" = "iPhone Developer";
				COPY_PHASE_STRIP = NO;
				ENABLE_NS_ASSERTIONS = NO;
				ENABLE_STRICT_OBJC_MSGSEND = YES;
				GCC_C_LANGUAGE_STANDARD = gnu99;
				GCC_WARN_64_TO_32_BIT_CONVERSION = YES;
				GCC_WARN_ABOUT_RETURN_TYPE = YES_ERROR;
				GCC_WARN_UNDECLARED_SELECTOR = YES;
				GCC_WARN_UNINITIALIZED_AUTOS = YES_AGGRESSIVE;
				GCC_WARN_UNUSED_FUNCTION = YES;
				GCC_WARN_UNUSED_VARIABLE = YES;
				IPHONEOS_DEPLOYMENT_TARGET = 8.2;
				MTL_ENABLE_DEBUG_INFO = NO;
				SDKROOT = iphoneos;
				TARGETED_DEVICE_FAMILY = "1,2";
				VALIDATE_PRODUCT = YES;
			};
			name = Release;
		};
		5FB5C7861B4B5180008E0F43 /* Debug */ = {
			isa = XCBuildConfiguration;
			buildSettings = {
				ASSETCATALOG_COMPILER_APPICON_NAME = AppIcon;
				INFOPLIST_FILE = Happiness/Info.plist;
				LD_RUNPATH_SEARCH_PATHS = "$(inherited) @executable_path/Frameworks";
				PRODUCT_NAME = "$(TARGET_NAME)";
			};
			name = Debug;
		};
		5FB5C7871B4B5180008E0F43 /* Release */ = {
			isa = XCBuildConfiguration;
			buildSettings = {
				ASSETCATALOG_COMPILER_APPICON_NAME = AppIcon;
				INFOPLIST_FILE = Happiness/Info.plist;
				LD_RUNPATH_SEARCH_PATHS = "$(inherited) @executable_path/Frameworks";
				PRODUCT_NAME = "$(TARGET_NAME)";
			};
			name = Release;
		};
		5FB5C7891B4B5180008E0F43 /* Debug */ = {
			isa = XCBuildConfiguration;
			buildSettings = {
				BUNDLE_LOADER = "$(TEST_HOST)";
				FRAMEWORK_SEARCH_PATHS = (
					"$(SDKROOT)/Developer/Library/Frameworks",
					"$(inherited)",
				);
				GCC_PREPROCESSOR_DEFINITIONS = (
					"DEBUG=1",
					"$(inherited)",
				);
				INFOPLIST_FILE = HappinessTests/Info.plist;
				LD_RUNPATH_SEARCH_PATHS = "$(inherited) @executable_path/Frameworks @loader_path/Frameworks";
				PRODUCT_NAME = "$(TARGET_NAME)";
				TEST_HOST = "$(BUILT_PRODUCTS_DIR)/Happiness.app/Happiness";
			};
			name = Debug;
		};
		5FB5C78A1B4B5180008E0F43 /* Release */ = {
			isa = XCBuildConfiguration;
			buildSettings = {
				BUNDLE_LOADER = "$(TEST_HOST)";
				FRAMEWORK_SEARCH_PATHS = (
					"$(SDKROOT)/Developer/Library/Frameworks",
					"$(inherited)",
				);
				INFOPLIST_FILE = HappinessTests/Info.plist;
				LD_RUNPATH_SEARCH_PATHS = "$(inherited) @executable_path/Frameworks @loader_path/Frameworks";
				PRODUCT_NAME = "$(TARGET_NAME)";
				TEST_HOST = "$(BUILT_PRODUCTS_DIR)/Happiness.app/Happiness";
			};
			name = Release;
		};
/* End XCBuildConfiguration section */

/* Begin XCConfigurationList section */
		5FB5C7611B4B517F008E0F43 /* Build configuration list for PBXProject "Happiness" */ = {
			isa = XCConfigurationList;
			buildConfigurations = (
				5FB5C7831B4B5180008E0F43 /* Debug */,
				5FB5C7841B4B5180008E0F43 /* Release */,
			);
			defaultConfigurationIsVisible = 0;
			defaultConfigurationName = Release;
		};
		5FB5C7851B4B5180008E0F43 /* Build configuration list for PBXNativeTarget "Happiness" */ = {
			isa = XCConfigurationList;
			buildConfigurations = (
				5FB5C7861B4B5180008E0F43 /* Debug */,
				5FB5C7871B4B5180008E0F43 /* Release */,
			);
			defaultConfigurationIsVisible = 0;
		};
		5FB5C7881B4B5180008E0F43 /* Build configuration list for PBXNativeTarget "HappinessTests" */ = {
			isa = XCConfigurationList;
			buildConfigurations = (
				5FB5C7891B4B5180008E0F43 /* Debug */,
				5FB5C78A1B4B5180008E0F43 /* Release */,
			);
			defaultConfigurationIsVisible = 0;
		};
/* End XCConfigurationList section */
	};
	rootObject = 5FB5C75E1B4B517F008E0F43 /* Project object */;
}
